
Microsoft Visual Studio Solution File, Format Version 12.00
# Visual Studio 15
VisualStudioVersion = 15.0.28307.271
MinimumVisualStudioVersion = 10.0.40219.1
Project("{FAE04EC0-301F-11D3-BF4B-00C04F79EFBC}") = "WeatherEngine.Service", "WeatherEngine.Service\WeatherEngine.Service.csproj", "{C7F26874-3AE6-4EF0-90E6-158993F74842}"
EndProject
Project("{FAE04EC0-301F-11D3-BF4B-00C04F79EFBC}") = "WeatherEngine.UnitTest", "WeatherEngine.UnitTest\WeatherEngine.UnitTest.csproj", "{31565673-C2FC-4D3E-A198-DAF2730A75EB}"
EndProject
Global
	GlobalSection(SolutionConfigurationPlatforms) = preSolution
		Debug|Any CPU = Debug|Any CPU
		Release|Any CPU = Release|Any CPU
	EndGlobalSection
	GlobalSection(ProjectConfigurationPlatforms) = postSolution
		{C7F26874-3AE6-4EF0-90E6-158993F74842}.Debug|Any CPU.ActiveCfg = Debug|Any CPU
		{C7F26874-3AE6-4EF0-90E6-158993F74842}.Debug|Any CPU.Build.0 = Debug|Any CPU
		{C7F26874-3AE6-4EF0-90E6-158993F74842}.Release|Any CPU.ActiveCfg = Release|Any CPU
		{C7F26874-3AE6-4EF0-90E6-158993F74842}.Release|Any CPU.Build.0 = Release|Any CPU
		{31565673-C2FC-4D3E-A198-DAF2730A75EB}.Debug|Any CPU.ActiveCfg = Debug|Any CPU
		{31565673-C2FC-4D3E-A198-DAF2730A75EB}.Debug|Any CPU.Build.0 = Debug|Any CPU
		{31565673-C2FC-4D3E-A198-DAF2730A75EB}.Release|Any CPU.ActiveCfg = Release|Any CPU
		{31565673-C2FC-4D3E-A198-DAF2730A75EB}.Release|Any CPU.Build.0 = Release|Any CPU
	EndGlobalSection
	GlobalSection(SolutionProperties) = preSolution
		HideSolutionNode = FALSE
	EndGlobalSection
	GlobalSection(ExtensibilityGlobals) = postSolution
		SolutionGuid = {A71EEBF1-72BD-4D0F-8141-E149EA40F838}
	EndGlobalSection
EndGlobal
